
Microsoft Visual Studio Solution File, Format Version 12.00
# Visual Studio 2013
VisualStudioVersion = 12.0.30501.0
MinimumVisualStudioVersion = 10.0.40219.1
Project("{FAE04EC0-301F-11D3-BF4B-00C04F79EFBC}") = "Problem1", "Problem1\Problem1.csproj", "{7EE913D9-6765-4E0B-B311-EB1CD5402498}"
EndProject
Project("{FAE04EC0-301F-11D3-BF4B-00C04F79EFBC}") = "Problem2", "Problem2\Problem2.csproj", "{7F42C3FE-7876-41DE-B401-FE638F20446C}"
EndProject
Global
	GlobalSection(SolutionConfigurationPlatforms) = preSolution
		Debug|Any CPU = Debug|Any CPU
		Release|Any CPU = Release|Any CPU
	EndGlobalSection
	GlobalSection(ProjectConfigurationPlatforms) = postSolution
		{7EE913D9-6765-4E0B-B311-EB1CD5402498}.Debug|Any CPU.ActiveCfg = Debug|Any CPU
		{7EE913D9-6765-4E0B-B311-EB1CD5402498}.Debug|Any CPU.Build.0 = Debug|Any CPU
		{7EE913D9-6765-4E0B-B311-EB1CD5402498}.Release|Any CPU.ActiveCfg = Release|Any CPU
		{7EE913D9-6765-4E0B-B311-EB1CD5402498}.Release|Any CPU.Build.0 = Release|Any CPU
		{7F42C3FE-7876-41DE-B401-FE638F20446C}.Debug|Any CPU.ActiveCfg = Debug|Any CPU
		{7F42C3FE-7876-41DE-B401-FE638F20446C}.Debug|Any CPU.Build.0 = Debug|Any CPU
		{7F42C3FE-7876-41DE-B401-FE638F20446C}.Release|Any CPU.ActiveCfg = Release|Any CPU
		{7F42C3FE-7876-41DE-B401-FE638F20446C}.Release|Any CPU.Build.0 = Release|Any CPU
	EndGlobalSection
	GlobalSection(SolutionProperties) = preSolution
		HideSolutionNode = FALSE
	EndGlobalSection
EndGlobal
